# This file is automatically @generated by Poetry 1.8.3 and should not be changed by hand.

[[package]]
name = "colorama"
version = "0.4.6"
description = "Cross-platform colored terminal text."
optional = false
python-versions = "!=3.0.*,!=3.1.*,!=3.2.*,!=3.3.*,!=3.4.*,!=3.5.*,!=3.6.*,>=2.7"
files = [
    {file = "colorama-0.4.6-py2.py3-none-any.whl", hash = "sha256:4f1d9991f5acc0ca119f9d443620b77f9d6b33703e51011c16baf57afb285fc6"},
    {file = "colorama-0.4.6.tar.gz", hash = "sha256:08695f5cb7ed6e0531a20572697297273c47b8cae5a63ffc6d6ed5c201be6e44"},
]

[[package]]
name = "exceptiongroup"
version = "1.2.2"
description = "Backport of PEP 654 (exception groups)"
optional = false
python-versions = ">=3.7"
files = [
    {file = "exceptiongroup-1.2.2-py3-none-any.whl", hash = "sha256:3111b9d131c238bec2f8f516e123e14ba243563fb135d3fe885990585aa7795b"},
    {file = "exceptiongroup-1.2.2.tar.gz", hash = "sha256:47c2edf7c6738fafb49fd34290706d1a1a2f4d1c6df275526b62cbb4aa5393cc"},
]

[package.extras]
test = ["pytest (>=6)"]

[[package]]
name = "flake8"
version = "7.1.1"
description = "the modular source code checker: pep8 pyflakes and co"
optional = false
python-versions = ">=3.8.1"
files = [
    {file = "flake8-7.1.1-py2.py3-none-any.whl", hash = "sha256:597477df7860daa5aa0fdd84bf5208a043ab96b8e96ab708770ae0364dd03213"},
    {file = "flake8-7.1.1.tar.gz", hash = "sha256:049d058491e228e03e67b390f311bbf88fce2dbaa8fa673e7aea87b7198b8d38"},
]

[package.dependencies]
mccabe = ">=0.7.0,<0.8.0"
pycodestyle = ">=2.12.0,<2.13.0"
pyflakes = ">=3.2.0,<3.3.0"

[[package]]
name = "gprof2dot"
version = "2024.6.6"
description = "Generate a dot graph from the output of several profilers."
optional = false
python-versions = ">=3.8"
files = [
    {file = "gprof2dot-2024.6.6-py2.py3-none-any.whl", hash = "sha256:45b14ad7ce64e299c8f526881007b9eb2c6b75505d5613e96e66ee4d5ab33696"},
    {file = "gprof2dot-2024.6.6.tar.gz", hash = "sha256:fa1420c60025a9eb7734f65225b4da02a10fc6dd741b37fa129bc6b41951e5ab"},
]

[[package]]
name = "hgtk"
version = "0.2.1"
description = "Toolkit for Hangul composing, decomposing and etc..."
optional = false
python-versions = "*"
files = [
    {file = "hgtk-0.2.1-py2.py3-none-any.whl", hash = "sha256:f3e33dacf6ab2564f6257418b718e2c7a4ae9fffa32e18d6c4f6278b72ba73ee"},
]

[[package]]
name = "iniconfig"
version = "2.0.0"
description = "brain-dead simple config-ini parsing"
optional = false
python-versions = ">=3.7"
files = [
    {file = "iniconfig-2.0.0-py3-none-any.whl", hash = "sha256:b6a85871a79d2e3b22d2d1b94ac2824226a63c6b741c88f7ae975f18b6778374"},
    {file = "iniconfig-2.0.0.tar.gz", hash = "sha256:2d91e135bf72d31a410b17c16da610a82cb55f6b0477d1a902134b24a455b8b3"},
]

[[package]]
name = "mccabe"
version = "0.7.0"
description = "McCabe checker, plugin for flake8"
optional = false
python-versions = ">=3.6"
files = [
    {file = "mccabe-0.7.0-py2.py3-none-any.whl", hash = "sha256:6c2d30ab6be0e4a46919781807b4f0d834ebdd6c6e3dca0bda5a15f863427b6e"},
    {file = "mccabe-0.7.0.tar.gz", hash = "sha256:348e0240c33b60bbdf4e523192ef919f28cb2c3d7d5c7794f74009290f236325"},
]

[[package]]
name = "packaging"
version = "24.1"
description = "Core utilities for Python packages"
optional = false
python-versions = ">=3.8"
files = [
    {file = "packaging-24.1-py3-none-any.whl", hash = "sha256:5b8f2217dbdbd2f7f384c41c628544e6d52f2d0f53c6d0c3ea61aa5d1d7ff124"},
    {file = "packaging-24.1.tar.gz", hash = "sha256:026ed72c8ed3fcce5bf8950572258698927fd1dbda10a5e981cdf0ac37f4f002"},
]

[[package]]
name = "pluggy"
version = "1.5.0"
description = "plugin and hook calling mechanisms for python"
optional = false
python-versions = ">=3.8"
files = [
    {file = "pluggy-1.5.0-py3-none-any.whl", hash = "sha256:44e1ad92c8ca002de6377e165f3e0f1be63266ab4d554740532335b9d75ea669"},
    {file = "pluggy-1.5.0.tar.gz", hash = "sha256:2cffa88e94fdc978c4c574f15f9e59b7f4201d439195c3715ca9e2486f1d0cf1"},
]

[package.extras]
dev = ["pre-commit", "tox"]
testing = ["pytest", "pytest-benchmark"]

[[package]]
name = "pycodestyle"
version = "2.12.1"
description = "Python style guide checker"
optional = false
python-versions = ">=3.8"
files = [
    {file = "pycodestyle-2.12.1-py2.py3-none-any.whl", hash = "sha256:46f0fb92069a7c28ab7bb558f05bfc0110dac69a0cd23c61ea0040283a9d78b3"},
    {file = "pycodestyle-2.12.1.tar.gz", hash = "sha256:6838eae08bbce4f6accd5d5572075c63626a15ee3e6f842df996bf62f6d73521"},
]

[[package]]
name = "pyflakes"
version = "3.2.0"
description = "passive checker of Python programs"
optional = false
python-versions = ">=3.8"
files = [
    {file = "pyflakes-3.2.0-py2.py3-none-any.whl", hash = "sha256:84b5be138a2dfbb40689ca07e2152deb896a65c3a3e24c251c5c62489568074a"},
    {file = "pyflakes-3.2.0.tar.gz", hash = "sha256:1c61603ff154621fb2a9172037d84dca3500def8c8b630657d1701f026f8af3f"},
]

[[package]]
name = "pytest"
version = "8.3.2"
description = "pytest: simple powerful testing with Python"
optional = false
python-versions = ">=3.8"
files = [
    {file = "pytest-8.3.2-py3-none-any.whl", hash = "sha256:4ba08f9ae7dcf84ded419494d229b48d0903ea6407b030eaec46df5e6a73bba5"},
    {file = "pytest-8.3.2.tar.gz", hash = "sha256:c132345d12ce551242c87269de812483f5bcc87cdbb4722e48487ba194f9fdce"},
]

[package.dependencies]
colorama = {version = "*", markers = "sys_platform == \"win32\""}
exceptiongroup = {version = ">=1.0.0rc8", markers = "python_version < \"3.11\""}
iniconfig = "*"
packaging = "*"
pluggy = ">=1.5,<2"
tomli = {version = ">=1", markers = "python_version < \"3.11\""}

[package.extras]
dev = ["argcomplete", "attrs (>=19.2)", "hypothesis (>=3.56)", "mock", "pygments (>=2.7.2)", "requests", "setuptools", "xmlschema"]

[[package]]
name = "pytest-profiling"
version = "1.7.0"
description = "Profiling plugin for py.test"
optional = false
python-versions = "*"
files = [
    {file = "pytest-profiling-1.7.0.tar.gz", hash = "sha256:93938f147662225d2b8bd5af89587b979652426a8a6ffd7e73ec4a23e24b7f29"},
    {file = "pytest_profiling-1.7.0-py2.py3-none-any.whl", hash = "sha256:999cc9ac94f2e528e3f5d43465da277429984a1c237ae9818f8cfd0b06acb019"},
]

[package.dependencies]
gprof2dot = "*"
pytest = "*"
six = "*"

[package.extras]
tests = ["pytest-virtualenv"]

[[package]]
name = "python-mecab-ko"
version = "1.3.7"
description = "A python binding for mecab-ko"
optional = false
python-versions = ">=3.7"
files = [
    {file = "python_mecab_ko-1.3.7-cp310-cp310-macosx_10_9_x86_64.whl", hash = "sha256:4760efe6327b5707f55db2b4a6f8fb047fe8e068577a9a913304bb0d12e7de44"},
    {file = "python_mecab_ko-1.3.7-cp310-cp310-macosx_11_0_arm64.whl", hash = "sha256:27a03ae50aabc7f057c26ad5e4c6c4d431cf696778e45025e208d2f6b7bf115d"},
    {file = "python_mecab_ko-1.3.7-cp310-cp310-manylinux_2_17_aarch64.manylinux2014_aarch64.whl", hash = "sha256:d8d2539e7ea91eb0705381f75e64c626be4eba69824a8c82fbdf2c4e48a1d389"},
    {file = "python_mecab_ko-1.3.7-cp310-cp310-manylinux_2_17_i686.manylinux2014_i686.whl", hash = "sha256:c2bad59670b280548b9060c1b511f6f088c09b977355de7192e9d0044b8f724b"},
    {file = "python_mecab_ko-1.3.7-cp310-cp310-manylinux_2_17_x86_64.manylinux2014_x86_64.whl", hash = "sha256:e8c4347f075b8748cbc5695f6b91120b0e388344eab5d9c26d50ad3c57c35754"},
    {file = "python_mecab_ko-1.3.7-cp310-cp310-win32.whl", hash = "sha256:682875cd1cafeeb2946b856b1b479144b4e8d28363b6bff3ae1c8b294994742b"},
    {file = "python_mecab_ko-1.3.7-cp310-cp310-win_amd64.whl", hash = "sha256:ef5a6bb8d4611dd621436492adb140c280fe4e155097c5dcc8b1fcdd203abfb6"},
    {file = "python_mecab_ko-1.3.7-cp310-cp310-win_arm64.whl", hash = "sha256:14b070b886d864964710c6a396556d8509be2dce1618f401192fd7c213eb4608"},
    {file = "python_mecab_ko-1.3.7-cp311-cp311-macosx_10_9_x86_64.whl", hash = "sha256:da1cc9de07e75beb2d4067c1c072ecabdb293440633fc0e32f2875a14e703829"},
    {file = "python_mecab_ko-1.3.7-cp311-cp311-macosx_11_0_arm64.whl", hash = "sha256:523153de14262c413838852742541d48ad99d41ab8f6c5413a226319ee4c25ef"},
    {file = "python_mecab_ko-1.3.7-cp311-cp311-manylinux_2_17_aarch64.manylinux2014_aarch64.whl", hash = "sha256:010ca2297e63d08a772466dd401d36ed9914502b8794c08948427a4083b3202c"},
    {file = "python_mecab_ko-1.3.7-cp311-cp311-manylinux_2_17_i686.manylinux2014_i686.whl", hash = "sha256:d7b35116e98fb736f7c9550eb1a74cfb6aa35c39b0b43cbe7a8837bfa3cd39d4"},
    {file = "python_mecab_ko-1.3.7-cp311-cp311-manylinux_2_17_x86_64.manylinux2014_x86_64.whl", hash = "sha256:0933d3fcb84f6ed36cce49f1939604ac0fcaf4460441e832cb98ca1bdce74a37"},
    {file = "python_mecab_ko-1.3.7-cp311-cp311-win32.whl", hash = "sha256:644207821de8c76ff2442d84c8902dd16b239fdc80c79d0774f8b9ea446c4218"},
    {file = "python_mecab_ko-1.3.7-cp311-cp311-win_amd64.whl", hash = "sha256:a456e40817dc73f58d7f11ff01af4394cdd1ceab2e98feddde625587603d65f7"},
    {file = "python_mecab_ko-1.3.7-cp311-cp311-win_arm64.whl", hash = "sha256:9f5e40101426b87c99ecb1268f56402f9c44f9d06271b28ccc1ec1bc6bc582ac"},
    {file = "python_mecab_ko-1.3.7-cp312-cp312-macosx_10_9_x86_64.whl", hash = "sha256:7721f69381dac572a1598e5906cc5faba233ed48bc6ff8672082a519d7db0ba1"},
    {file = "python_mecab_ko-1.3.7-cp312-cp312-macosx_11_0_arm64.whl", hash = "sha256:eae5eb6178b06019e3773e9dde126dd29df5ed417406be5611ebdd0f8839c1e1"},
    {file = "python_mecab_ko-1.3.7-cp312-cp312-manylinux_2_17_aarch64.manylinux2014_aarch64.whl", hash = "sha256:8e90e8c1009f8f6aa0dfc43c916ff481dc79aa5a7e528a41a193add9c61ac6d1"},
    {file = "python_mecab_ko-1.3.7-cp312-cp312-manylinux_2_17_i686.manylinux2014_i686.whl", hash = "sha256:a205ca4da908df39d6d70f968426d0e9dc79274a6d34b13a5588ab52f0e12be8"},
    {file = "python_mecab_ko-1.3.7-cp312-cp312-manylinux_2_17_x86_64.manylinux2014_x86_64.whl", hash = "sha256:3c0e98a7d94278f4f5d93f03e35cc8044460c0076ab4698b764d5c44bd897dbe"},
    {file = "python_mecab_ko-1.3.7-cp312-cp312-win32.whl", hash = "sha256:3145c53772e842a046fdbf0659f0e5235e16d51b0bb8c0d3e8e078dc57d22373"},
    {file = "python_mecab_ko-1.3.7-cp312-cp312-win_amd64.whl", hash = "sha256:3387906e66109989603b877899d1ae3a0132795c9c73ad91a5e7c4c077177351"},
    {file = "python_mecab_ko-1.3.7-cp312-cp312-win_arm64.whl", hash = "sha256:13126509630e47fc89a8c575f5af3eed1bc09370e978b331caf32325e6b98383"},
    {file = "python_mecab_ko-1.3.7-cp37-cp37m-macosx_10_9_x86_64.whl", hash = "sha256:198c0b9a832966927ceceda599b8d2f38426d11d25defa0d4ed819e3d00bfa91"},
    {file = "python_mecab_ko-1.3.7-cp37-cp37m-manylinux_2_17_aarch64.manylinux2014_aarch64.whl", hash = "sha256:661da586a6783cd60dc93ebb4dcc182e5cb3d37b98d25fe741c8eb2aabd59b30"},
    {file = "python_mecab_ko-1.3.7-cp37-cp37m-manylinux_2_17_i686.manylinux2014_i686.whl", hash = "sha256:eab31739769b1ad90fcd81f7e2319f2bc33f7b85aee3a5cec230352963678ac0"},
    {file = "python_mecab_ko-1.3.7-cp37-cp37m-manylinux_2_17_x86_64.manylinux2014_x86_64.whl", hash = "sha256:10ea3c549eac11cdf9e994ce65fb34653a142d04eaa519c2ba3a99646cb21991"},
    {file = "python_mecab_ko-1.3.7-cp37-cp37m-win32.whl", hash = "sha256:ec22b9f8b7d5ec62d2af48d252f0172e1c4dfdf1387bad356f62b73084bac675"},
    {file = "python_mecab_ko-1.3.7-cp37-cp37m-win_amd64.whl", hash = "sha256:e0fb84a0eda5f77dbb456fb7eba9715349668b2a9bb4235df0904620653eabda"},
    {file = "python_mecab_ko-1.3.7-cp38-cp38-macosx_10_9_x86_64.whl", hash = "sha256:5ad754804a5a5b64b62d77a962d33ef6e931765cede89f880e02e3d18971a5bd"},
    {file = "python_mecab_ko-1.3.7-cp38-cp38-macosx_11_0_arm64.whl", hash = "sha256:64346e4a627ad3b56647f2d6909ba52bd25b5b29f8d320944ed9dce602ba0b75"},
    {file = "python_mecab_ko-1.3.7-cp38-cp38-manylinux_2_17_aarch64.manylinux2014_aarch64.whl", hash = "sha256:d0b50438fb570299bd7e4c30549373c171b94f6400c32b0b455b37047e5ed7ed"},
    {file = "python_mecab_ko-1.3.7-cp38-cp38-manylinux_2_17_i686.manylinux2014_i686.whl", hash = "sha256:4321180be1e5446bb97e8f803079deb72500af7bbb7d0e2c49ec9995ec3674f5"},
    {file = "python_mecab_ko-1.3.7-cp38-cp38-manylinux_2_17_x86_64.manylinux2014_x86_64.whl", hash = "sha256:b8c297e6e5a8a0aacd75e9efee465d0bf7f6d1b9f0ccb9b18916e9203ea0e349"},
    {file = "python_mecab_ko-1.3.7-cp38-cp38-win32.whl", hash = "sha256:8015778e03186f8d2e7b0f1c0c9b753617d848cea2c4eba09e59e081080da92a"},
    {file = "python_mecab_ko-1.3.7-cp38-cp38-win_amd64.whl", hash = "sha256:782bf38e817ad54ca16dccd2e4edf083829e259aac1da3187ccc1fd305dfb503"},
    {file = "python_mecab_ko-1.3.7-cp39-cp39-macosx_10_9_x86_64.whl", hash = "sha256:4fdae16e907470cec155721cc0f849a9d52e01eae316aae53101fa236069505b"},
    {file = "python_mecab_ko-1.3.7-cp39-cp39-macosx_11_0_arm64.whl", hash = "sha256:691bed2317e4cbbf4f00fc11a59d6d95412b72b9bd6eea037880df95fcd7e6a0"},
    {file = "python_mecab_ko-1.3.7-cp39-cp39-manylinux_2_17_aarch64.manylinux2014_aarch64.whl", hash = "sha256:d147ce60440cd04e3e113508f1c7f04ed39bcbb7991921d9c66b060709af253e"},
    {file = "python_mecab_ko-1.3.7-cp39-cp39-manylinux_2_17_i686.manylinux2014_i686.whl", hash = "sha256:99f02fb9816dda3258726b33423f0b48429582d4386529c08caa01c0d4e8365b"},
    {file = "python_mecab_ko-1.3.7-cp39-cp39-manylinux_2_17_x86_64.manylinux2014_x86_64.whl", hash = "sha256:c96c719105eae24c24882fbea821df7a26c961590d06ff932599690785d7efe5"},
    {file = "python_mecab_ko-1.3.7-cp39-cp39-win32.whl", hash = "sha256:288ff89e4d1318923acecccfbb0b9d4937a8f93ac27e4868e08c778629d0522a"},
    {file = "python_mecab_ko-1.3.7-cp39-cp39-win_amd64.whl", hash = "sha256:12c4b86041350024355d51dd16cb989fd027e142c8083d3b12d21b9262522054"},
    {file = "python_mecab_ko-1.3.7-cp39-cp39-win_arm64.whl", hash = "sha256:2a84df563961a6507e170f78b010716a69874fc4b00ce503280f5eb7d62ccd1c"},
    {file = "python_mecab_ko-1.3.7.tar.gz", hash = "sha256:69cbb2ac559a3169c22b1a3aa5d3c247d2f7902d9fe7dc9966189a9c7694af0b"},
]

[package.dependencies]
python-mecab-ko-dic = "*"

[[package]]
name = "python-mecab-ko-dic"
version = "2.1.1.post2"
description = "mecab-ko-dic packaged for Python"
optional = false
python-versions = "*"
files = [
    {file = "python-mecab-ko-dic-2.1.1.post2.tar.gz", hash = "sha256:2c423713bdc475345ec98cd084b30759458f8f06c38a9ef94ab8687942c2cd34"},
    {file = "python_mecab_ko_dic-2.1.1.post2-py3-none-any.whl", hash = "sha256:ef8f4e80c8976f1340a7264abb0c96f384fe059fd897584aeba0151753c6ae9b"},
]

[[package]]
name = "rocksdict"
version = "0.3.23"
description = "Rocksdb Python Binding"
optional = false
python-versions = "*"
files = [
    {file = "rocksdict-0.3.23-cp310-cp310-macosx_10_14_x86_64.whl", hash = "sha256:e6940f8441a62f4a18a3f33bf6e456ff516a85c5993509bc9a77842dab175d9d"},
    {file = "rocksdict-0.3.23-cp310-cp310-macosx_11_0_arm64.whl", hash = "sha256:476f6f75335b361ca11cd6830651c2b3609407c14a4caedeba2a8ab904864be0"},
    {file = "rocksdict-0.3.23-cp310-cp310-manylinux_2_17_x86_64.manylinux2014_x86_64.whl", hash = "sha256:1a6610565d9ca005dde9bfe8d596a116902d90b6a95c00e94465df15637d066b"},
    {file = "rocksdict-0.3.23-cp310-cp310-manylinux_2_28_aarch64.whl", hash = "sha256:71c1246bb75518b3cb2c9d83a7d305a6bfeca8b02b9dd3c826022fa8286e8436"},
    {file = "rocksdict-0.3.23-cp310-cp310-manylinux_2_28_x86_64.whl", hash = "sha256:baaef3eaa95f85af511f96b1814f4881726fd8570b9512659f0dd60f05c2e2a6"},
    {file = "rocksdict-0.3.23-cp310-none-win_amd64.whl", hash = "sha256:ed01dac8d48842dec925ecc0ca158ff88227273dff269292c14fb78fc6ea56ff"},
    {file = "rocksdict-0.3.23-cp311-cp311-macosx_10_14_x86_64.whl", hash = "sha256:2f64a510e6a8747296ee6c7b108f474f2c6aece4438dba19f545611d4f566973"},
    {file = "rocksdict-0.3.23-cp311-cp311-macosx_11_0_arm64.whl", hash = "sha256:3f2c73a698cb430e5987a9055b982225c33b7d49ef6eb117bdf4415978e50f0c"},
    {file = "rocksdict-0.3.23-cp311-cp311-manylinux_2_17_x86_64.manylinux2014_x86_64.whl", hash = "sha256:ec60d041e55c5e329130852ca01bb67ceedabc88c7d151457c8ab1147d435b23"},
    {file = "rocksdict-0.3.23-cp311-cp311-manylinux_2_28_aarch64.whl", hash = "sha256:6213a126c995a5777882a542226841f79dea746ba457fa6ee060d4158385e698"},
    {file = "rocksdict-0.3.23-cp311-cp311-manylinux_2_28_x86_64.whl", hash = "sha256:62427f4ab972d928b9c9356134c0556f0f8c6e6a8a0052c2df453030646f18d5"},
    {file = "rocksdict-0.3.23-cp311-none-win_amd64.whl", hash = "sha256:cc671b41d5336e14fe7df66dac6faa5ff010676ebf0cf450770c3092ee128674"},
    {file = "rocksdict-0.3.23-cp312-cp312-macosx_10_14_x86_64.whl", hash = "sha256:2a0ca48a11379fd925d387fcfdf1ac269b3cfa854579f1fba2d02a5263931c5c"},
    {file = "rocksdict-0.3.23-cp312-cp312-macosx_11_0_arm64.whl", hash = "sha256:62dce9b1ff48f3d8048a939f87689f5d863dd877153ee2b3f2b2e52ae8e3450c"},
    {file = "rocksdict-0.3.23-cp312-cp312-manylinux_2_17_x86_64.manylinux2014_x86_64.whl", hash = "sha256:3cc24a1b7375fc6de75bd2bab89890a9d47ad45097a90914fce5f5a7995ed36b"},
    {file = "rocksdict-0.3.23-cp312-cp312-manylinux_2_28_aarch64.whl", hash = "sha256:0e09692a9ef85854d12d5b7aab0cdebbce681afc572548bc57259b1f34db9497"},
    {file = "rocksdict-0.3.23-cp312-cp312-manylinux_2_28_x86_64.whl", hash = "sha256:80ac76c9bb23edd36ffce4834ef0b30be6f07bd1529d05104f7637426c9166f8"},
    {file = "rocksdict-0.3.23-cp312-none-win_amd64.whl", hash = "sha256:38dd896afbd623b6d3a8d6fd31bb287ab4df3c7c3dbcb27b61d2541431f17ee2"},
    {file = "rocksdict-0.3.23-cp37-cp37m-macosx_10_14_x86_64.whl", hash = "sha256:f86820d9d74954340eb45008dd21a50705a8df8093672979495c5226ce73b9c2"},
    {file = "rocksdict-0.3.23-cp37-cp37m-macosx_11_0_arm64.whl", hash = "sha256:3d2456d7e6e38e902dacc0d11685247ba9c2bfe3b7d9d43a7788d46eaf24b491"},
    {file = "rocksdict-0.3.23-cp37-cp37m-manylinux_2_17_x86_64.manylinux2014_x86_64.whl", hash = "sha256:507d71f036559256218b7ceb1ad20e07c2eeac3d1121c407b583a090d347c809"},
    {file = "rocksdict-0.3.23-cp37-cp37m-manylinux_2_28_aarch64.whl", hash = "sha256:4045b2781d76425ead6c63168e982690082070293466d709202ef46839eedf48"},
    {file = "rocksdict-0.3.23-cp37-cp37m-manylinux_2_28_x86_64.whl", hash = "sha256:a1726d718159400839b9c3e747e6b0362346680d69c22c7a9bb29f6105a47972"},
    {file = "rocksdict-0.3.23-cp37-none-win_amd64.whl", hash = "sha256:765ecf9b330f3614a02a6e98cf2e0f868ca2debcc05ad8d5900ab3da45dcb2c1"},
    {file = "rocksdict-0.3.23-cp38-cp38-macosx_10_14_x86_64.whl", hash = "sha256:338f2772d286fe7c442a562e91f3443ccb9de5728a1d6de8818ae6345630a17a"},
    {file = "rocksdict-0.3.23-cp38-cp38-macosx_11_0_arm64.whl", hash = "sha256:f2c36a26a9fea06682ee75f08b4b19a8cc1d308770b7f2ebc168bf6716468ad2"},
    {file = "rocksdict-0.3.23-cp38-cp38-manylinux_2_17_x86_64.manylinux2014_x86_64.whl", hash = "sha256:0db204a0950beb632d5c3771bafacdff678f158c045fe0326bfe64e0ae2b49e3"},
    {file = "rocksdict-0.3.23-cp38-cp38-manylinux_2_28_aarch64.whl", hash = "sha256:d31261a9607a5daebb68d23f95f47e8eede794b6bf7632d812e85d8f2f722f2b"},
    {file = "rocksdict-0.3.23-cp38-cp38-manylinux_2_28_x86_64.whl", hash = "sha256:9ab84b22b3212370dcbb6bb89f50a3a502cf0c8faa1b230360e5ed184671bbf7"},
    {file = "rocksdict-0.3.23-cp38-none-win_amd64.whl", hash = "sha256:fa671aec33e32549a2a6f9e5c32c53134c5f49c7ab2bc6c1e0e637c4a81b4957"},
    {file = "rocksdict-0.3.23-cp39-cp39-macosx_10_14_x86_64.whl", hash = "sha256:dfc42feac0a0534872ae56f97fa885aefc971db28ad853be74451adddac643fb"},
    {file = "rocksdict-0.3.23-cp39-cp39-macosx_11_0_arm64.whl", hash = "sha256:15fb4f4ff9c65b28f24f5cf4b846c9e1113dc17d2ebb1da8cebfaea812e8bc74"},
    {file = "rocksdict-0.3.23-cp39-cp39-manylinux_2_17_x86_64.manylinux2014_x86_64.whl", hash = "sha256:fa2a80e14c002bf6b64f0532241e4067cd2635249019a3ee89b906723a93a28a"},
    {file = "rocksdict-0.3.23-cp39-cp39-manylinux_2_28_aarch64.whl", hash = "sha256:fa7f63c340fd32540673f430882bd9ff184cd1670592620436bcfb717e56e681"},
    {file = "rocksdict-0.3.23-cp39-cp39-manylinux_2_28_x86_64.whl", hash = "sha256:b7f59bbfe6bb552e3d003c05e4cdefa6c37bfcf61b19e21d280ff75177119b0e"},
    {file = "rocksdict-0.3.23-cp39-none-win_amd64.whl", hash = "sha256:f541c5c9734fc896eec1c9e33c8604de4f487d4d35a37680afcb80c9495344d1"},
]

[[package]]
name = "six"
version = "1.16.0"
description = "Python 2 and 3 compatibility utilities"
optional = false
python-versions = ">=2.7, !=3.0.*, !=3.1.*, !=3.2.*"
files = [
    {file = "six-1.16.0-py2.py3-none-any.whl", hash = "sha256:8abb2f1d86890a2dfb989f9a77cfcfd3e47c2a354b01111771326f8aa26e0254"},
    {file = "six-1.16.0.tar.gz", hash = "sha256:1e61c37477a1626458e36f7b1d82aa5c9b094fa4802892072e49de9c60c4c926"},
]

[[package]]
name = "strenum"
version = "0.4.15"
description = "An Enum that inherits from str."
optional = false
python-versions = "*"
files = [
    {file = "StrEnum-0.4.15-py3-none-any.whl", hash = "sha256:a30cda4af7cc6b5bf52c8055bc4bf4b2b6b14a93b574626da33df53cf7740659"},
    {file = "StrEnum-0.4.15.tar.gz", hash = "sha256:878fb5ab705442070e4dd1929bb5e2249511c0bcf2b0eeacf3bcd80875c82eff"},
]

[package.extras]
docs = ["myst-parser[linkify]", "sphinx", "sphinx-rtd-theme"]
release = ["twine"]
test = ["pylint", "pytest", "pytest-black", "pytest-cov", "pytest-pylint"]

[[package]]
name = "tomli"
version = "2.0.1"
description = "A lil' TOML parser"
optional = false
python-versions = ">=3.7"
files = [
    {file = "tomli-2.0.1-py3-none-any.whl", hash = "sha256:939de3e7a6161af0c887ef91b7d41a53e7c5a1ca976325f429cb46ea9bc30ecc"},
    {file = "tomli-2.0.1.tar.gz", hash = "sha256:de526c12914f0c550d15924c62d72abc48d6fe7364aa87328337a31007fe8a4f"},
]

[[package]]
name = "typing-extensions"
version = "4.12.2"
description = "Backported and Experimental Type Hints for Python 3.8+"
optional = false
python-versions = ">=3.8"
files = [
    {file = "typing_extensions-4.12.2-py3-none-any.whl", hash = "sha256:04e5ca0351e0f3f85c6853954072df659d0d13fac324d0072316b67d7794700d"},
    {file = "typing_extensions-4.12.2.tar.gz", hash = "sha256:1a7ead55c7e559dd4dee8856e3a88b41225abfe1ce8df57b7c13915fe121ffb8"},
]

[metadata]
lock-version = "2.0"
python-versions = "^3.10"
content-hash = "bbcd6b3e70de81176307797b70cf7d0c8a734ee6717103e9a2243569f4c01064"
